{
  "object": {
    "pins": [
      {
        "package": "Logging",
        "repositoryURL": "https://github.com/JBergsee/Logging.git",
        "state": {
          "branch": null,
          "revision": "18a78a562913794d9bdb8bb57625ef3c44781285",
          "version": "0.1.3"
        }
      }
    ]
  },
  "version": 1
}
