{
  "object": {
    "pins": [
      {
        "package": "JBLogging",
        "repositoryURL": "https://github.com/JBergsee/Logging.git",
        "state": {
          "branch": null,
          "revision": "9d124d008add7dac7ede4c06a82eac7bd1f6cdd2",
          "version": "1.0.0"
        }
      }
    ]
  },
  "version": 1
}
