// !$*UTF8*$!
{
	archiveVersion = 1;
	classes = {
	};
	objectVersion = 56;
	objects = {

/* Begin PBXBuildFile section */
		04CA20902C6E9CF70061EEE0 /* AppDelegate.swift in Sources */ = {isa = PBXBuildFile; fileRef = 04CA208F2C6E9CF70061EEE0 /* AppDelegate.swift */; };
		04CA20922C6E9CF70061EEE0 /* SceneDelegate.swift in Sources */ = {isa = PBXBuildFile; fileRef = 04CA20912C6E9CF70061EEE0 /* SceneDelegate.swift */; };
		04CA20B02C6EA0000061EEE0 /* ProgressHUDDemoViewController.swift in Sources */ = {isa = PBXBuildFile; fileRef = 04CA20AF2C6EA0000061EEE0 /* ProgressHUDDemoViewController.swift */; };
		04CA20B42C6EA2000061EEE0 /* ValidatedFieldDemoViewController.swift in Sources */ = {isa = PBXBuildFile; fileRef = 04CA20B32C6EA2000061EEE0 /* ValidatedFieldDemoViewController.swift */; };
		04CA20942C6E9CF70061EEE0 /* ViewController.swift in Sources */ = {isa = PBXBuildFile; fileRef = 04CA20932C6E9CF70061EEE0 /* ViewController.swift */; };
		04CA20972C6E9CF70061EEE0 /* Base in Resources */ = {isa = PBXBuildFile; fileRef = 04CA20962C6E9CF70061EEE0 /* Base */; };
		04CA209A2C6E9CF70061EEE0 /* Utilities_Example.xcdatamodeld in Sources */ = {isa = PBXBuildFile; fileRef = 04CA20982C6E9CF70061EEE0 /* Utilities_Example.xcdatamodeld */; };
		04CA209C2C6E9CF80061EEE0 /* Assets.xcassets in Resources */ = {isa = PBXBuildFile; fileRef = 04CA209B2C6E9CF80061EEE0 /* Assets.xcassets */; };
		04CA209F2C6E9CF80061EEE0 /* Base in Resources */ = {isa = PBXBuildFile; fileRef = 04CA209E2C6E9CF80061EEE0 /* Base */; };
		04CA20B12C6EA1000061EEE0 /* Utilities in Frameworks */ = {isa = PBXBuildFile; productRef = 04CA20B22C6EA1000061EEE0 /* Utilities */; };
/* End PBXBuildFile section */

/* Begin PBXFileReference section */
		04CA208C2C6E9CF70061EEE0 /* Utilities-Example.app */ = {isa = PBXFileReference; explicitFileType = wrapper.application; includeInIndex = 0; path = "Utilities-Example.app"; sourceTree = BUILT_PRODUCTS_DIR; };
		04CA208F2C6E9CF70061EEE0 /* AppDelegate.swift */ = {isa = PBXFileReference; lastKnownFileType = sourcecode.swift; path = AppDelegate.swift; sourceTree = "<group>"; };
		04CA20912C6E9CF70061EEE0 /* SceneDelegate.swift */ = {isa = PBXFileReference; lastKnownFileType = sourcecode.swift; path = SceneDelegate.swift; sourceTree = "<group>"; };
		04CA20932C6E9CF70061EEE0 /* ViewController.swift */ = {isa = PBXFileReference; lastKnownFileType = sourcecode.swift; path = ViewController.swift; sourceTree = "<group>"; };
		04CA20962C6E9CF70061EEE0 /* Base */ = {isa = PBXFileReference; lastKnownFileType = file.storyboard; name = Base; path = Base.lproj/Main.storyboard; sourceTree = "<group>"; };
		04CA20992C6E9CF70061EEE0 /* Utilities_Example.xcdatamodel */ = {isa = PBXFileReference; lastKnownFileType = wrapper.xcdatamodel; path = Utilities_Example.xcdatamodel; sourceTree = "<group>"; };
		04CA209B2C6E9CF80061EEE0 /* Assets.xcassets */ = {isa = PBXFileReference; lastKnownFileType = folder.assetcatalog; path = Assets.xcassets; sourceTree = "<group>"; };
		04CA209E2C6E9CF80061EEE0 /* Base */ = {isa = PBXFileReference; lastKnownFileType = file.storyboard; name = Base; path = Base.lproj/LaunchScreen.storyboard; sourceTree = "<group>"; };
		04CA20A02C6E9CF80061EEE0 /* Info.plist */ = {isa = PBXFileReference; lastKnownFileType = text.plist.xml; path = Info.plist; sourceTree = "<group>"; };
		04CA20A62C6E9D140061EEE0 /* Utilities */ = {isa = PBXFileReference; lastKnownFileType = wrapper; name = Utilities; path = ..; sourceTree = "<group>"; };
		04CA20AF2C6EA0000061EEE0 /* ProgressHUDDemoViewController.swift */ = {isa = PBXFileReference; lastKnownFileType = sourcecode.swift; path = ProgressHUDDemoViewController.swift; sourceTree = "<group>"; };
		04CA20B32C6EA2000061EEE0 /* ValidatedFieldDemoViewController.swift */ = {isa = PBXFileReference; lastKnownFileType = sourcecode.swift; path = ValidatedFieldDemoViewController.swift; sourceTree = "<group>"; };
/* End PBXFileReference section */

/* Begin PBXFrameworksBuildPhase section */
		04CA20892C6E9CF70061EEE0 /* Frameworks */ = {
			isa = PBXFrameworksBuildPhase;
			buildActionMask = 2147483647;
			files = (
				04CA20B12C6EA1000061EEE0 /* Utilities in Frameworks */,
			);
			runOnlyForDeploymentPostprocessing = 0;
		};
/* End PBXFrameworksBuildPhase section */

/* Begin PBXGroup section */
		04CA20832C6E9CF70061EEE0 = {
			isa = PBXGroup;
			children = (
				04CA20A62C6E9D140061EEE0 /* Utilities */,
				04CA208E2C6E9CF70061EEE0 /* Utilities-Example */,
				04CA208D2C6E9CF70061EEE0 /* Products */,
			);
			sourceTree = "<group>";
		};
		04CA208D2C6E9CF70061EEE0 /* Products */ = {
			isa = PBXGroup;
			children = (
				04CA208C2C6E9CF70061EEE0 /* Utilities-Example.app */,
			);
			name = Products;
			sourceTree = "<group>";
		};
		04CA208E2C6E9CF70061EEE0 /* Utilities-Example */ = {
			isa = PBXGroup;
			children = (
				04CA208F2C6E9CF70061EEE0 /* AppDelegate.swift */,
				04CA20912C6E9CF70061EEE0 /* SceneDelegate.swift */,
				04CA20932C6E9CF70061EEE0 /* ViewController.swift */,
				04CA20AF2C6EA0000061EEE0 /* ProgressHUDDemoViewController.swift */,
				04CA20B32C6EA2000061EEE0 /* ValidatedFieldDemoViewController.swift */,
				04CA20952C6E9CF70061EEE0 /* Main.storyboard */,
				04CA209B2C6E9CF80061EEE0 /* Assets.xcassets */,
				04CA209D2C6E9CF80061EEE0 /* LaunchScreen.storyboard */,
				04CA20A02C6E9CF80061EEE0 /* Info.plist */,
				04CA20982C6E9CF70061EEE0 /* Utilities_Example.xcdatamodeld */,
			);
			path = "Utilities-Example";
			sourceTree = "<group>";
		};
/* End PBXGroup section */

/* Begin PBXNativeTarget section */
		04CA208B2C6E9CF70061EEE0 /* Utilities-Example */ = {
			isa = PBXNativeTarget;
			buildConfigurationList = 04CA20A32C6E9CF80061EEE0 /* Build configuration list for PBXNativeTarget "Utilities-Example" */;
			buildPhases = (
				04CA20882C6E9CF70061EEE0 /* Sources */,
				04CA20892C6E9CF70061EEE0 /* Frameworks */,
				04CA208A2C6E9CF70061EEE0 /* Resources */,
			);
			buildRules = (
			);
			dependencies = (
			);
			name = "Utilities-Example";
			packageProductDependencies = (
				04CA20B22C6EA1000061EEE0 /* Utilities */,
			);
			productName = "Utilities-Example";
			productReference = 04CA208C2C6E9CF70061EEE0 /* Utilities-Example.app */;
			productType = "com.apple.product-type.application";
		};
/* End PBXNativeTarget section */

/* Begin PBXProject section */
		04CA20842C6E9CF70061EEE0 /* Project object */ = {
			isa = PBXProject;
			attributes = {
				BuildIndependentTargetsInParallel = 1;
				LastSwiftUpdateCheck = 1540;
				LastUpgradeCheck = 1540;
				TargetAttributes = {
					04CA208B2C6E9CF70061EEE0 = {
						CreatedOnToolsVersion = 15.4;
					};
				};
			};
			buildConfigurationList = 04CA20872C6E9CF70061EEE0 /* Build configuration list for PBXProject "Utilities-Example" */;
			compatibilityVersion = "Xcode 14.0";
			developmentRegion = en;
			hasScannedForEncodings = 0;
			knownRegions = (
				en,
				Base,
			);
			mainGroup = 04CA20832C6E9CF70061EEE0;
			productRefGroup = 04CA208D2C6E9CF70061EEE0 /* Products */;
			projectDirPath = "";
			projectRoot = "";
			targets = (
				04CA208B2C6E9CF70061EEE0 /* Utilities-Example */,
			);
		};
/* End PBXProject section */

/* Begin PBXResourcesBuildPhase section */
		04CA208A2C6E9CF70061EEE0 /* Resources */ = {
			isa = PBXResourcesBuildPhase;
			buildActionMask = 2147483647;
			files = (
				04CA209C2C6E9CF80061EEE0 /* Assets.xcassets in Resources */,
				04CA209F2C6E9CF80061EEE0 /* Base in Resources */,
				04CA20972C6E9CF70061EEE0 /* Base in Resources */,
			);
			runOnlyForDeploymentPostprocessing = 0;
		};
/* End PBXResourcesBuildPhase section */

/* Begin PBXSourcesBuildPhase section */
		04CA20882C6E9CF70061EEE0 /* Sources */ = {
			isa = PBXSourcesBuildPhase;
			buildActionMask = 2147483647;
			files = (
				04CA20942C6E9CF70061EEE0 /* ViewController.swift in Sources */,
				04CA20B02C6EA0000061EEE0 /* ProgressHUDDemoViewController.swift in Sources */,
				04CA20B42C6EA2000061EEE0 /* ValidatedFieldDemoViewController.swift in Sources */,
				04CA209A2C6E9CF70061EEE0 /* Utilities_Example.xcdatamodeld in Sources */,
				04CA20902C6E9CF70061EEE0 /* AppDelegate.swift in Sources */,
				04CA20922C6E9CF70061EEE0 /* SceneDelegate.swift in Sources */,
			);
			runOnlyForDeploymentPostprocessing = 0;
		};
/* End PBXSourcesBuildPhase section */

/* Begin PBXVariantGroup section */
		04CA20952C6E9CF70061EEE0 /* Main.storyboard */ = {
			isa = PBXVariantGroup;
			children = (
				04CA20962C6E9CF70061EEE0 /* Base */,
			);
			name = Main.storyboard;
			sourceTree = "<group>";
		};
		04CA209D2C6E9CF80061EEE0 /* LaunchScreen.storyboard */ = {
			isa = PBXVariantGroup;
			children = (
				04CA209E2C6E9CF80061EEE0 /* Base */,
			);
			name = LaunchScreen.storyboard;
			sourceTree = "<group>";
		};
/* End PBXVariantGroup section */

/* Begin XCBuildConfiguration section */
		04CA20A12C6E9CF80061EEE0 /* Debug */ = {
			isa = XCBuildConfiguration;
			buildSettings = {
				ALWAYS_SEARCH_USER_PATHS = NO;
				ASSETCATALOG_COMPILER_GENERATE_SWIFT_ASSET_SYMBOL_EXTENSIONS = YES;
				CLANG_ANALYZER_NONNULL = YES;
				CLANG_ANALYZER_NUMBER_OBJECT_CONVERSION = YES_AGGRESSIVE;
				CLANG_CXX_LANGUAGE_STANDARD = "gnu++20";
				CLANG_ENABLE_MODULES = YES;
				CLANG_ENABLE_OBJC_ARC = YES;
				CLANG_ENABLE_OBJC_WEAK = YES;
				CLANG_WARN_BLOCK_CAPTURE_AUTORELEASING = YES;
				CLANG_WARN_BOOL_CONVERSION = YES;
				CLANG_WARN_COMMA = YES;
				CLANG_WARN_CONSTANT_CONVERSION = YES;
				CLANG_WARN_DEPRECATED_OBJC_IMPLEMENTATIONS = YES;
				CLANG_WARN_DIRECT_OBJC_ISA_USAGE = YES_ERROR;
				CLANG_WARN_DOCUMENTATION_COMMENTS = YES;
				CLANG_WARN_EMPTY_BODY = YES;
				CLANG_WARN_ENUM_CONVERSION = YES;
				CLANG_WARN_INFINITE_RECURSION = YES;
				CLANG_WARN_INT_CONVERSION = YES;
				CLANG_WARN_NON_LITERAL_NULL_CONVERSION = YES;
				CLANG_WARN_OBJC_IMPLICIT_RETAIN_SELF = YES;
				CLANG_WARN_OBJC_LITERAL_CONVERSION = YES;
				CLANG_WARN_OBJC_ROOT_CLASS = YES_ERROR;
				CLANG_WARN_QUOTED_INCLUDE_IN_FRAMEWORK_HEADER = YES;
				CLANG_WARN_RANGE_LOOP_ANALYSIS = YES;
				CLANG_WARN_STRICT_PROTOTYPES = YES;
				CLANG_WARN_SUSPICIOUS_MOVE = YES;
				CLANG_WARN_UNGUARDED_AVAILABILITY = YES_AGGRESSIVE;
				CLANG_WARN_UNREACHABLE_CODE = YES;
				CLANG_WARN__DUPLICATE_METHOD_MATCH = YES;
				COPY_PHASE_STRIP = NO;
				DEBUG_INFORMATION_FORMAT = dwarf;
				ENABLE_STRICT_OBJC_MSGSEND = YES;
				ENABLE_TESTABILITY = YES;
				ENABLE_USER_SCRIPT_SANDBOXING = YES;
				GCC_C_LANGUAGE_STANDARD = gnu17;
				GCC_DYNAMIC_NO_PIC = NO;
				GCC_NO_COMMON_BLOCKS = YES;
				GCC_OPTIMIZATION_LEVEL = 0;
				GCC_PREPROCESSOR_DEFINITIONS = (
					"DEBUG=1",
					"$(inherited)",
				);
				GCC_WARN_64_TO_32_BIT_CONVERSION = YES;
				GCC_WARN_ABOUT_RETURN_TYPE = YES_ERROR;
				GCC_WARN_UNDECLARED_SELECTOR = YES;
				GCC_WARN_UNINITIALIZED_AUTOS = YES_AGGRESSIVE;
				GCC_WARN_UNUSED_FUNCTION = YES;
				GCC_WARN_UNUSED_VARIABLE = YES;
				IPHONEOS_DEPLOYMENT_TARGET = 17.5;
				LOCALIZATION_PREFERS_STRING_CATALOGS = YES;
				MTL_ENABLE_DEBUG_INFO = INCLUDE_SOURCE;
				MTL_FAST_MATH = YES;
				ONLY_ACTIVE_ARCH = YES;
				SDKROOT = iphoneos;
				SWIFT_ACTIVE_COMPILATION_CONDITIONS = "DEBUG $(inherited)";
				SWIFT_OPTIMIZATION_LEVEL = "-Onone";
			};
			name = Debug;
		};
		04CA20A22C6E9CF80061EEE0 /* Release */ = {
			isa = XCBuildConfiguration;
			buildSettings = {
				ALWAYS_SEARCH_USER_PATHS = NO;
				ASSETCATALOG_COMPILER_GENERATE_SWIFT_ASSET_SYMBOL_EXTENSIONS = YES;
				CLANG_ANALYZER_NONNULL = YES;
				CLANG_ANALYZER_NUMBER_OBJECT_CONVERSION = YES_AGGRESSIVE;
				CLANG_CXX_LANGUAGE_STANDARD = "gnu++20";
				CLANG_ENABLE_MODULES = YES;
				CLANG_ENABLE_OBJC_ARC = YES;
				CLANG_ENABLE_OBJC_WEAK = YES;
				CLANG_WARN_BLOCK_CAPTURE_AUTORELEASING = YES;
				CLANG_WARN_BOOL_CONVERSION = YES;
				CLANG_WARN_COMMA = YES;
				CLANG_WARN_CONSTANT_CONVERSION = YES;
				CLANG_WARN_DEPRECATED_OBJC_IMPLEMENTATIONS = YES;
				CLANG_WARN_DIRECT_OBJC_ISA_USAGE = YES_ERROR;
				CLANG_WARN_DOCUMENTATION_COMMENTS = YES;
				CLANG_WARN_EMPTY_BODY = YES;
				CLANG_WARN_ENUM_CONVERSION = YES;
				CLANG_WARN_INFINITE_RECURSION = YES;
				CLANG_WARN_INT_CONVERSION = YES;
				CLANG_WARN_NON_LITERAL_NULL_CONVERSION = YES;
				CLANG_WARN_OBJC_IMPLICIT_RETAIN_SELF = YES;
				CLANG_WARN_OBJC_LITERAL_CONVERSION = YES;
				CLANG_WARN_OBJC_ROOT_CLASS = YES_ERROR;
				CLANG_WARN_QUOTED_INCLUDE_IN_FRAMEWORK_HEADER = YES;
				CLANG_WARN_RANGE_LOOP_ANALYSIS = YES;
				CLANG_WARN_STRICT_PROTOTYPES = YES;
				CLANG_WARN_SUSPICIOUS_MOVE = YES;
				CLANG_WARN_UNGUARDED_AVAILABILITY = YES_AGGRESSIVE;
				CLANG_WARN_UNREACHABLE_CODE = YES;
				CLANG_WARN__DUPLICATE_METHOD_MATCH = YES;
				COPY_PHASE_STRIP = NO;
				DEBUG_INFORMATION_FORMAT = "dwarf-with-dsym";
				ENABLE_NS_ASSERTIONS = NO;
				ENABLE_STRICT_OBJC_MSGSEND = YES;
				ENABLE_USER_SCRIPT_SANDBOXING = YES;
				GCC_C_LANGUAGE_STANDARD = gnu17;
				GCC_NO_COMMON_BLOCKS = YES;
				GCC_WARN_64_TO_32_BIT_CONVERSION = YES;
				GCC_WARN_ABOUT_RETURN_TYPE = YES_ERROR;
				GCC_WARN_UNDECLARED_SELECTOR = YES;
				GCC_WARN_UNINITIALIZED_AUTOS = YES_AGGRESSIVE;
				GCC_WARN_UNUSED_FUNCTION = YES;
				GCC_WARN_UNUSED_VARIABLE = YES;
				IPHONEOS_DEPLOYMENT_TARGET = 17.5;
				LOCALIZATION_PREFERS_STRING_CATALOGS = YES;
				MTL_ENABLE_DEBUG_INFO = NO;
				MTL_FAST_MATH = YES;
				SDKROOT = iphoneos;
				SWIFT_COMPILATION_MODE = wholemodule;
				VALIDATE_PRODUCT = YES;
			};
			name = Release;
		};
		04CA20A42C6E9CF80061EEE0 /* Debug */ = {
			isa = XCBuildConfiguration;
			buildSettings = {
				ASSETCATALOG_COMPILER_APPICON_NAME = AppIcon;
				ASSETCATALOG_COMPILER_GLOBAL_ACCENT_COLOR_NAME = AccentColor;
				CODE_SIGN_STYLE = Automatic;
				CURRENT_PROJECT_VERSION = 1;
				DEVELOPMENT_TEAM = N536P3ABTC;
				GENERATE_INFOPLIST_FILE = YES;
				INFOPLIST_FILE = "Utilities-Example/Info.plist";
				INFOPLIST_KEY_UIApplicationSupportsIndirectInputEvents = YES;
				INFOPLIST_KEY_UILaunchStoryboardName = LaunchScreen;
				INFOPLIST_KEY_UIMainStoryboardFile = Main;
				INFOPLIST_KEY_UISupportedInterfaceOrientations_iPad = "UIInterfaceOrientationPortrait UIInterfaceOrientationPortraitUpsideDown UIInterfaceOrientationLandscapeLeft UIInterfaceOrientationLandscapeRight";
				INFOPLIST_KEY_UISupportedInterfaceOrientations_iPhone = "UIInterfaceOrientationPortrait UIInterfaceOrientationLandscapeLeft UIInterfaceOrientationLandscapeRight";
				LD_RUNPATH_SEARCH_PATHS = (
					"$(inherited)",
					"@executable_path/Frameworks",
				);
				MARKETING_VERSION = 1.0;
				PRODUCT_BUNDLE_IDENTIFIER = "com.bergsee-aviation.Utilities-Example";
				PRODUCT_NAME = "$(TARGET_NAME)";
				SWIFT_EMIT_LOC_STRINGS = YES;
				SWIFT_VERSION = 5.0;
				TARGETED_DEVICE_FAMILY = "1,2";
			};
			name = Debug;
		};
		04CA20A52C6E9CF80061EEE0 /* Release */ = {
			isa = XCBuildConfiguration;
			buildSettings = {
				ASSETCATALOG_COMPILER_APPICON_NAME = AppIcon;
				ASSETCATALOG_COMPILER_GLOBAL_ACCENT_COLOR_NAME = AccentColor;
				CODE_SIGN_STYLE = Automatic;
				CURRENT_PROJECT_VERSION = 1;
				DEVELOPMENT_TEAM = N536P3ABTC;
				GENERATE_INFOPLIST_FILE = YES;
				INFOPLIST_FILE = "Utilities-Example/Info.plist";
				INFOPLIST_KEY_UIApplicationSupportsIndirectInputEvents = YES;
				INFOPLIST_KEY_UILaunchStoryboardName = LaunchScreen;
				INFOPLIST_KEY_UIMainStoryboardFile = Main;
				INFOPLIST_KEY_UISupportedInterfaceOrientations_iPad = "UIInterfaceOrientationPortrait UIInterfaceOrientationPortraitUpsideDown UIInterfaceOrientationLandscapeLeft UIInterfaceOrientationLandscapeRight";
				INFOPLIST_KEY_UISupportedInterfaceOrientations_iPhone = "UIInterfaceOrientationPortrait UIInterfaceOrientationLandscapeLeft UIInterfaceOrientationLandscapeRight";
				LD_RUNPATH_SEARCH_PATHS = (
					"$(inherited)",
					"@executable_path/Frameworks",
				);
				MARKETING_VERSION = 1.0;
				PRODUCT_BUNDLE_IDENTIFIER = "com.bergsee-aviation.Utilities-Example";
				PRODUCT_NAME = "$(TARGET_NAME)";
				SWIFT_EMIT_LOC_STRINGS = YES;
				SWIFT_VERSION = 5.0;
				TARGETED_DEVICE_FAMILY = "1,2";
			};
			name = Release;
		};
/* End XCBuildConfiguration section */

/* Begin XCConfigurationList section */
		04CA20872C6E9CF70061EEE0 /* Build configuration list for PBXProject "Utilities-Example" */ = {
			isa = XCConfigurationList;
			buildConfigurations = (
				04CA20A12C6E9CF80061EEE0 /* Debug */,
				04CA20A22C6E9CF80061EEE0 /* Release */,
			);
			defaultConfigurationIsVisible = 0;
			defaultConfigurationName = Release;
		};
		04CA20A32C6E9CF80061EEE0 /* Build configuration list for PBXNativeTarget "Utilities-Example" */ = {
			isa = XCConfigurationList;
			buildConfigurations = (
				04CA20A42C6E9CF80061EEE0 /* Debug */,
				04CA20A52C6E9CF80061EEE0 /* Release */,
			);
			defaultConfigurationIsVisible = 0;
			defaultConfigurationName = Release;
		};
/* End XCConfigurationList section */

/* Begin XCVersionGroup section */
		04CA20982C6E9CF70061EEE0 /* Utilities_Example.xcdatamodeld */ = {
			isa = XCVersionGroup;
			children = (
				04CA20992C6E9CF70061EEE0 /* Utilities_Example.xcdatamodel */,
			);
			currentVersion = 04CA20992C6E9CF70061EEE0 /* Utilities_Example.xcdatamodel */;
			path = Utilities_Example.xcdatamodeld;
			sourceTree = "<group>";
			versionGroupType = wrapper.xcdatamodel;
		};
/* End XCVersionGroup section */

/* Begin XCSwiftPackageProductDependency section */
		04CA20B22C6EA1000061EEE0 /* Utilities */ = {
			isa = XCSwiftPackageProductDependency;
			productName = Utilities;
		};
/* End XCSwiftPackageProductDependency section */
	};
	rootObject = 04CA20842C6E9CF70061EEE0 /* Project object */;
}
